uuid: 87ffdb7e-05b8-4aa5-905b-348e107dff3b
langcode: es
status: true
dependencies:
  module:
    - botes
    - system
  theme:
    - laveletav2
id: laveletav2_boteshorizontalblock
theme: laveletav2
region: home_horizontal
weight: -6
provider: null
plugin: botes_horizontal_block
settings:
  id: botes_horizontal_block
  label: 'Botes horizontal block'
  provider: botes
  label_display: '0'
visibility:
  request_path:
    id: request_path
    pages: '<front>'
    negate: false
    context_mapping: {  }
