uuid: 201fd810-fd67-4021-81ba-e8bd21f9312c
langcode: es
status: true
dependencies:
  module:
    - jugar
    - system
  theme:
    - veletaled
id: veletaled_jugarselaeblock
theme: veletaled
region: sidebar_second
weight: -4
provider: null
plugin: jugar_selae
settings:
  id: jugar_selae
  label: 'Jugar Selae Block'
  provider: jugar
  label_display: '0'
visibility:
  request_path:
    id: request_path
    pages: "/resultados\r\n/botes\r\n/comprar-loteria-nacional"
    negate: true
    context_mapping: {  }
